
Microsoft Visual Studio Solution File, Format Version 12.00
# Visual Studio Version 17
VisualStudioVersion = 17.0.31903.59
MinimumVisualStudioVersion = 10.0.40219.1
Project("{2150E333-8FDC-42A3-9474-1A3956D46DE8}") = "domain", "domain", "{761108EB-D113-47DD-AD89-DA65E9C72A37}"
EndProject
Project("{FAE04EC0-301F-11D3-BF4B-00C04F79EFBC}") = "Store", "domain\Store\Store.csproj", "{A94EF4AC-6878-47CF-933F-2BE1E459EA39}"
EndProject
Global
	GlobalSection(SolutionConfigurationPlatforms) = preSolution
		Debug|Any CPU = Debug|Any CPU
		Release|Any CPU = Release|Any CPU
	EndGlobalSection
	GlobalSection(SolutionProperties) = preSolution
		HideSolutionNode = FALSE
	EndGlobalSection
	GlobalSection(ProjectConfigurationPlatforms) = postSolution
		{A94EF4AC-6878-47CF-933F-2BE1E459EA39}.Debug|Any CPU.ActiveCfg = Debug|Any CPU
		{A94EF4AC-6878-47CF-933F-2BE1E459EA39}.Debug|Any CPU.Build.0 = Debug|Any CPU
		{A94EF4AC-6878-47CF-933F-2BE1E459EA39}.Release|Any CPU.ActiveCfg = Release|Any CPU
		{A94EF4AC-6878-47CF-933F-2BE1E459EA39}.Release|Any CPU.Build.0 = Release|Any CPU
	EndGlobalSection
	GlobalSection(NestedProjects) = preSolution
		{A94EF4AC-6878-47CF-933F-2BE1E459EA39} = {761108EB-D113-47DD-AD89-DA65E9C72A37}
	EndGlobalSection
EndGlobal
